
Microsoft Visual Studio Solution File, Format Version 12.00
# Visual Studio 15
VisualStudioVersion = 15.0.27004.2009
MinimumVisualStudioVersion = 10.0.40219.1
Project("{FAE04EC0-301F-11D3-BF4B-00C04F79EFBC}") = "ToDoManager.View", "ToDoManager.View\ToDoManager.View.csproj", "{F53CCF6F-3E7C-440F-9026-B316A62F6F38}"
EndProject
Project("{FAE04EC0-301F-11D3-BF4B-00C04F79EFBC}") = "ToDoManager.Model", "ToDoManager.Model\ToDoManager.Model.csproj", "{73109141-B261-42AE-B206-B4D8BFF1D4CC}"
EndProject
Global
	GlobalSection(SolutionConfigurationPlatforms) = preSolution
		Debug|Any CPU = Debug|Any CPU
		Release|Any CPU = Release|Any CPU
	EndGlobalSection
	GlobalSection(ProjectConfigurationPlatforms) = postSolution
		{F53CCF6F-3E7C-440F-9026-B316A62F6F38}.Debug|Any CPU.ActiveCfg = Debug|Any CPU
		{F53CCF6F-3E7C-440F-9026-B316A62F6F38}.Debug|Any CPU.Build.0 = Debug|Any CPU
		{F53CCF6F-3E7C-440F-9026-B316A62F6F38}.Release|Any CPU.ActiveCfg = Release|Any CPU
		{F53CCF6F-3E7C-440F-9026-B316A62F6F38}.Release|Any CPU.Build.0 = Release|Any CPU
		{73109141-B261-42AE-B206-B4D8BFF1D4CC}.Debug|Any CPU.ActiveCfg = Debug|Any CPU
		{73109141-B261-42AE-B206-B4D8BFF1D4CC}.Debug|Any CPU.Build.0 = Debug|Any CPU
		{73109141-B261-42AE-B206-B4D8BFF1D4CC}.Release|Any CPU.ActiveCfg = Release|Any CPU
		{73109141-B261-42AE-B206-B4D8BFF1D4CC}.Release|Any CPU.Build.0 = Release|Any CPU
	EndGlobalSection
	GlobalSection(SolutionProperties) = preSolution
		HideSolutionNode = FALSE
	EndGlobalSection
	GlobalSection(ExtensibilityGlobals) = postSolution
		SolutionGuid = {5D666BEC-A786-4C04-B3C5-8B718032F77E}
	EndGlobalSection
EndGlobal
